
Microsoft Visual Studio Solution File, Format Version 12.00
# Visual Studio Version 17
VisualStudioVersion = 17.4.33403.182
MinimumVisualStudioVersion = 10.0.40219.1
Project("{FAE04EC0-301F-11D3-BF4B-00C04F79EFBC}") = "Quests", "Quests\Quests.csproj", "{E240A154-3E65-4F20-B97F-981C26BD208A}"
EndProject
Project("{FAE04EC0-301F-11D3-BF4B-00C04F79EFBC}") = "HamburgerMenuControl2", "HamburgerMenuControl2\HamburgerMenuControl2.csproj", "{51BE6E0E-F63E-446E-BD50-AD06F419CD15}"
EndProject
Global
	GlobalSection(SolutionConfigurationPlatforms) = preSolution
		Debug|Any CPU = Debug|Any CPU
		Release|Any CPU = Release|Any CPU
	EndGlobalSection
	GlobalSection(ProjectConfigurationPlatforms) = postSolution
		{E240A154-3E65-4F20-B97F-981C26BD208A}.Debug|Any CPU.ActiveCfg = Debug|Any CPU
		{E240A154-3E65-4F20-B97F-981C26BD208A}.Debug|Any CPU.Build.0 = Debug|Any CPU
		{E240A154-3E65-4F20-B97F-981C26BD208A}.Release|Any CPU.ActiveCfg = Release|Any CPU
		{E240A154-3E65-4F20-B97F-981C26BD208A}.Release|Any CPU.Build.0 = Release|Any CPU
		{51BE6E0E-F63E-446E-BD50-AD06F419CD15}.Debug|Any CPU.ActiveCfg = Debug|Any CPU
		{51BE6E0E-F63E-446E-BD50-AD06F419CD15}.Debug|Any CPU.Build.0 = Debug|Any CPU
		{51BE6E0E-F63E-446E-BD50-AD06F419CD15}.Release|Any CPU.ActiveCfg = Release|Any CPU
		{51BE6E0E-F63E-446E-BD50-AD06F419CD15}.Release|Any CPU.Build.0 = Release|Any CPU
	EndGlobalSection
	GlobalSection(SolutionProperties) = preSolution
		HideSolutionNode = FALSE
	EndGlobalSection
	GlobalSection(ExtensibilityGlobals) = postSolution
		SolutionGuid = {47F1BBB1-93E4-49EA-B9A0-FAFBBFD7DE80}
	EndGlobalSection
EndGlobal
